
Microsoft Visual Studio Solution File, Format Version 12.00
# Visual Studio Version 16
VisualStudioVersion = 16.0.29025.244
MinimumVisualStudioVersion = 10.0.40219.1
Project("{9A19103F-16F7-4668-BE54-9A1E7A4F7556}") = "SharpChat", "SharpChat\SharpChat.csproj", "{DDB24C19-B802-4C96-AC15-0449C6FC77F2}"
EndProject
Project("{9A19103F-16F7-4668-BE54-9A1E7A4F7556}") = "SharpChat.Common", "SharpChat.Common\SharpChat.Common.csproj", "{15CA52F0-8883-44BF-8DD8-80224795D78F}"
EndProject
Project("{9A19103F-16F7-4668-BE54-9A1E7A4F7556}") = "SharpChat.WebSocket.Fleck", "SharpChat.WebSocket.Fleck\SharpChat.WebSocket.Fleck.csproj", "{505498BC-0DC8-459D-9AA8-BAD1457FEC19}"
EndProject
Project("{9A19103F-16F7-4668-BE54-9A1E7A4F7556}") = "SharpChat.Database.MariaDB", "SharpChat.Database.MariaDB\SharpChat.Database.MariaDB.csproj", "{E53DA108-2C3A-4F7B-AACC-CDA44CD04C92}"
EndProject
Project("{2150E333-8FDC-42A3-9474-1A3956D46DE8}") = "Databases", "Databases", "{EC70B2EC-31AE-44B3-8259-2E718F224420}"
EndProject
Project("{2150E333-8FDC-42A3-9474-1A3956D46DE8}") = "WebSockets", "WebSockets", "{D1BE38EC-325D-46CC-A0E0-C42E5635A662}"
EndProject
Project("{2150E333-8FDC-42A3-9474-1A3956D46DE8}") = "DataProviders", "DataProviders", "{9CF387F1-938F-4B3B-AEB1-992F6686BDD0}"
EndProject
Project("{9A19103F-16F7-4668-BE54-9A1E7A4F7556}") = "SharpChat.Database.SQLite", "SharpChat.Database.SQLite\SharpChat.Database.SQLite.csproj", "{B0873F00-4EB9-465A-8BB3-C1C9000EF395}"
EndProject
Project("{9A19103F-16F7-4668-BE54-9A1E7A4F7556}") = "SharpChat.DataProvider.Misuzu", "SharpChat.DataProvider.Misuzu\SharpChat.DataProvider.Misuzu.csproj", "{13A7839E-FA19-4C9D-994D-941499DA9763}"
EndProject
Project("{9A19103F-16F7-4668-BE54-9A1E7A4F7556}") = "MisuzuDataProviderTest", "MisuzuDataProviderTest\MisuzuDataProviderTest.csproj", "{37D6A2A4-2C3B-49C9-90FA-0FA850A15B44}"
EndProject
Project("{2150E333-8FDC-42A3-9474-1A3956D46DE8}") = "Http", "Http", "{5DA078C6-EF2C-4813-8255-572EE327D19E}"
EndProject
Project("{FAE04EC0-301F-11D3-BF4B-00C04F79EFBC}") = "HttpClientTest", "HttpClientTest\HttpClientTest.csproj", "{13E15EEC-D79B-444C-BB68-4D989F3A59C2}"
EndProject
Global
	GlobalSection(SolutionConfigurationPlatforms) = preSolution
		Debug|Any CPU = Debug|Any CPU
		Release|Any CPU = Release|Any CPU
	EndGlobalSection
	GlobalSection(ProjectConfigurationPlatforms) = postSolution
		{DDB24C19-B802-4C96-AC15-0449C6FC77F2}.Debug|Any CPU.ActiveCfg = Debug|Any CPU
		{DDB24C19-B802-4C96-AC15-0449C6FC77F2}.Debug|Any CPU.Build.0 = Debug|Any CPU
		{DDB24C19-B802-4C96-AC15-0449C6FC77F2}.Release|Any CPU.ActiveCfg = Release|Any CPU
		{DDB24C19-B802-4C96-AC15-0449C6FC77F2}.Release|Any CPU.Build.0 = Release|Any CPU
		{15CA52F0-8883-44BF-8DD8-80224795D78F}.Debug|Any CPU.ActiveCfg = Debug|Any CPU
		{15CA52F0-8883-44BF-8DD8-80224795D78F}.Debug|Any CPU.Build.0 = Debug|Any CPU
		{15CA52F0-8883-44BF-8DD8-80224795D78F}.Release|Any CPU.ActiveCfg = Release|Any CPU
		{15CA52F0-8883-44BF-8DD8-80224795D78F}.Release|Any CPU.Build.0 = Release|Any CPU
		{505498BC-0DC8-459D-9AA8-BAD1457FEC19}.Debug|Any CPU.ActiveCfg = Debug|Any CPU
		{505498BC-0DC8-459D-9AA8-BAD1457FEC19}.Debug|Any CPU.Build.0 = Debug|Any CPU
		{505498BC-0DC8-459D-9AA8-BAD1457FEC19}.Release|Any CPU.ActiveCfg = Release|Any CPU
		{505498BC-0DC8-459D-9AA8-BAD1457FEC19}.Release|Any CPU.Build.0 = Release|Any CPU
		{E53DA108-2C3A-4F7B-AACC-CDA44CD04C92}.Debug|Any CPU.ActiveCfg = Debug|Any CPU
		{E53DA108-2C3A-4F7B-AACC-CDA44CD04C92}.Debug|Any CPU.Build.0 = Debug|Any CPU
		{E53DA108-2C3A-4F7B-AACC-CDA44CD04C92}.Release|Any CPU.ActiveCfg = Release|Any CPU
		{E53DA108-2C3A-4F7B-AACC-CDA44CD04C92}.Release|Any CPU.Build.0 = Release|Any CPU
		{B0873F00-4EB9-465A-8BB3-C1C9000EF395}.Debug|Any CPU.ActiveCfg = Debug|Any CPU
		{B0873F00-4EB9-465A-8BB3-C1C9000EF395}.Debug|Any CPU.Build.0 = Debug|Any CPU
		{B0873F00-4EB9-465A-8BB3-C1C9000EF395}.Release|Any CPU.ActiveCfg = Release|Any CPU
		{B0873F00-4EB9-465A-8BB3-C1C9000EF395}.Release|Any CPU.Build.0 = Release|Any CPU
		{13A7839E-FA19-4C9D-994D-941499DA9763}.Debug|Any CPU.ActiveCfg = Debug|Any CPU
		{13A7839E-FA19-4C9D-994D-941499DA9763}.Debug|Any CPU.Build.0 = Debug|Any CPU
		{13A7839E-FA19-4C9D-994D-941499DA9763}.Release|Any CPU.ActiveCfg = Release|Any CPU
		{13A7839E-FA19-4C9D-994D-941499DA9763}.Release|Any CPU.Build.0 = Release|Any CPU
		{37D6A2A4-2C3B-49C9-90FA-0FA850A15B44}.Debug|Any CPU.ActiveCfg = Debug|Any CPU
		{37D6A2A4-2C3B-49C9-90FA-0FA850A15B44}.Debug|Any CPU.Build.0 = Debug|Any CPU
		{37D6A2A4-2C3B-49C9-90FA-0FA850A15B44}.Release|Any CPU.ActiveCfg = Release|Any CPU
		{37D6A2A4-2C3B-49C9-90FA-0FA850A15B44}.Release|Any CPU.Build.0 = Release|Any CPU
		{13E15EEC-D79B-444C-BB68-4D989F3A59C2}.Debug|Any CPU.ActiveCfg = Debug|Any CPU
		{13E15EEC-D79B-444C-BB68-4D989F3A59C2}.Debug|Any CPU.Build.0 = Debug|Any CPU
		{13E15EEC-D79B-444C-BB68-4D989F3A59C2}.Release|Any CPU.ActiveCfg = Release|Any CPU
		{13E15EEC-D79B-444C-BB68-4D989F3A59C2}.Release|Any CPU.Build.0 = Release|Any CPU
	EndGlobalSection
	GlobalSection(SolutionProperties) = preSolution
		HideSolutionNode = FALSE
	EndGlobalSection
	GlobalSection(NestedProjects) = preSolution
		{505498BC-0DC8-459D-9AA8-BAD1457FEC19} = {D1BE38EC-325D-46CC-A0E0-C42E5635A662}
		{E53DA108-2C3A-4F7B-AACC-CDA44CD04C92} = {EC70B2EC-31AE-44B3-8259-2E718F224420}
		{B0873F00-4EB9-465A-8BB3-C1C9000EF395} = {EC70B2EC-31AE-44B3-8259-2E718F224420}
		{13A7839E-FA19-4C9D-994D-941499DA9763} = {9CF387F1-938F-4B3B-AEB1-992F6686BDD0}
		{37D6A2A4-2C3B-49C9-90FA-0FA850A15B44} = {9CF387F1-938F-4B3B-AEB1-992F6686BDD0}
		{13E15EEC-D79B-444C-BB68-4D989F3A59C2} = {5DA078C6-EF2C-4813-8255-572EE327D19E}
	EndGlobalSection
	GlobalSection(ExtensibilityGlobals) = postSolution
		SolutionGuid = {42279FE1-5980-440A-87F8-25338DFE54CF}
	EndGlobalSection
EndGlobal
